{
  "pins" : [
    {
      "identity" : "starscream",
      "kind" : "remoteSourceControl",
      "location" : "https://github.com/daltoniam/Starscream.git",
      "state" : {
        "revision" : "ac6c0fc9da221873e01bd1a0d4818498a71eef33",
        "version" : "4.0.6"
      }
    },
    {
      "identity" : "swift-log",
      "kind" : "remoteSourceControl",
      "location" : "https://github.com/apple/swift-log.git",
      "state" : {
        "revision" : "e97a6fcb1ab07462881ac165fdbb37f067e205d5",
        "version" : "1.5.4"
      }
    },
    {
      "identity" : "swift-log-syslog",
      "kind" : "remoteSourceControl",
      "location" : "https://github.com/ianpartridge/swift-log-syslog.git",
      "state" : {
        "revision" : "654ea6e32b9802c45468c4c743ed507c36a775c2",
        "version" : "1.0.2"
      }
    }
  ],
  "version" : 2
}
